
Microsoft Visual Studio Solution File, Format Version 12.00
# Visual Studio Version 17
VisualStudioVersion = 17.12.35527.113
MinimumVisualStudioVersion = 10.0.40219.1
Project("{FAE04EC0-301F-11D3-BF4B-00C04F79EFBC}") = "Tra_Sua", "Tra_Sua.csproj", "{5738EF0F-A166-45E6-BF9C-FE29C3A2BF5F}"
EndProject
Global
	GlobalSection(SolutionConfigurationPlatforms) = preSolution
		Debug|Any CPU = Debug|Any CPU
		Release|Any CPU = Release|Any CPU
	EndGlobalSection
	GlobalSection(ProjectConfigurationPlatforms) = postSolution
		{5738EF0F-A166-45E6-BF9C-FE29C3A2BF5F}.Debug|Any CPU.ActiveCfg = Debug|Any CPU
		{5738EF0F-A166-45E6-BF9C-FE29C3A2BF5F}.Debug|Any CPU.Build.0 = Debug|Any CPU
		{5738EF0F-A166-45E6-BF9C-FE29C3A2BF5F}.Release|Any CPU.ActiveCfg = Release|Any CPU
		{5738EF0F-A166-45E6-BF9C-FE29C3A2BF5F}.Release|Any CPU.Build.0 = Release|Any CPU
	EndGlobalSection
	GlobalSection(SolutionProperties) = preSolution
		HideSolutionNode = FALSE
	EndGlobalSection
	GlobalSection(ExtensibilityGlobals) = postSolution
		SolutionGuid = {50173AC6-9DCC-493B-85C8-6A4C823DB73B}
	EndGlobalSection
EndGlobal
